
Microsoft Visual Studio Solution File, Format Version 12.00
Project("{FAE04EC0-301F-11D3-BF4B-00C04F79EFBC}") = "OK.Emobility.StressTest", "OK.Emobility.StressTest\OK.Emobility.StressTest.csproj", "{89EFA77E-03DE-44E6-B63F-BC5B5A65E06C}"
EndProject
Global
	GlobalSection(SolutionConfigurationPlatforms) = preSolution
		Debug|Any CPU = Debug|Any CPU
		Release|Any CPU = Release|Any CPU
	EndGlobalSection
	GlobalSection(ProjectConfigurationPlatforms) = postSolution
		{89EFA77E-03DE-44E6-B63F-BC5B5A65E06C}.Debug|Any CPU.ActiveCfg = Debug|Any CPU
		{89EFA77E-03DE-44E6-B63F-BC5B5A65E06C}.Debug|Any CPU.Build.0 = Debug|Any CPU
		{89EFA77E-03DE-44E6-B63F-BC5B5A65E06C}.Release|Any CPU.ActiveCfg = Release|Any CPU
		{89EFA77E-03DE-44E6-B63F-BC5B5A65E06C}.Release|Any CPU.Build.0 = Release|Any CPU
	EndGlobalSection
EndGlobal
